
Microsoft Visual Studio Solution File, Format Version 12.00
# Visual Studio Version 16
VisualStudioVersion = 16.0.31105.61
MinimumVisualStudioVersion = 10.0.40219.1
Project("{FAE04EC0-301F-11D3-BF4B-00C04F79EFBC}") = "PeakInvest.Presentation.Api", "PeakInvest.Presentation.Api\PeakInvest.Presentation.Api.csproj", "{8BAED89F-5521-49CB-9C5A-890EC8D37CD6}"
EndProject
Project("{2150E333-8FDC-42A3-9474-1A3956D46DE8}") = "01-Presentation", "01-Presentation", "{64F722F4-0C84-4D3D-B140-E700A388F8A4}"
EndProject
Project("{2150E333-8FDC-42A3-9474-1A3956D46DE8}") = "02-Application", "02-Application", "{2E6FD62D-0BAC-4FC4-8909-B7E4AB66CE36}"
EndProject
Project("{2150E333-8FDC-42A3-9474-1A3956D46DE8}") = "03-Domain", "03-Domain", "{8A38871E-1212-4497-BA40-64F9ADFEE831}"
EndProject
Project("{2150E333-8FDC-42A3-9474-1A3956D46DE8}") = "04-Infrastructure", "04-Infrastructure", "{63BAAA37-C0CF-4EB0-B3D4-B605FCC6D7F1}"
EndProject
Project("{FAE04EC0-301F-11D3-BF4B-00C04F79EFBC}") = "PeakInvest.Domain.Models", "PeakInvest.Domain.Models\PeakInvest.Domain.Models.csproj", "{C0966047-E673-475A-933D-D2F2A5FC531C}"
EndProject
Project("{FAE04EC0-301F-11D3-BF4B-00C04F79EFBC}") = "PeakInvest.Domain.Services", "PeakInvest.Domain.Services\PeakInvest.Domain.Services.csproj", "{0F7E2800-A6FF-4483-9913-9193D809D95E}"
EndProject
Project("{FAE04EC0-301F-11D3-BF4B-00C04F79EFBC}") = "PeakInvest.Infrastructure.Repository", "PeakInvest.Infrastructure.Repository\PeakInvest.Infrastructure.Repository.csproj", "{99998EB7-C01B-49C9-9D3B-448491F1E1AE}"
EndProject
Global
	GlobalSection(SolutionConfigurationPlatforms) = preSolution
		Debug|Any CPU = Debug|Any CPU
		Release|Any CPU = Release|Any CPU
	EndGlobalSection
	GlobalSection(ProjectConfigurationPlatforms) = postSolution
		{8BAED89F-5521-49CB-9C5A-890EC8D37CD6}.Debug|Any CPU.ActiveCfg = Debug|Any CPU
		{8BAED89F-5521-49CB-9C5A-890EC8D37CD6}.Debug|Any CPU.Build.0 = Debug|Any CPU
		{8BAED89F-5521-49CB-9C5A-890EC8D37CD6}.Release|Any CPU.ActiveCfg = Release|Any CPU
		{8BAED89F-5521-49CB-9C5A-890EC8D37CD6}.Release|Any CPU.Build.0 = Release|Any CPU
		{C0966047-E673-475A-933D-D2F2A5FC531C}.Debug|Any CPU.ActiveCfg = Debug|Any CPU
		{C0966047-E673-475A-933D-D2F2A5FC531C}.Debug|Any CPU.Build.0 = Debug|Any CPU
		{C0966047-E673-475A-933D-D2F2A5FC531C}.Release|Any CPU.ActiveCfg = Release|Any CPU
		{C0966047-E673-475A-933D-D2F2A5FC531C}.Release|Any CPU.Build.0 = Release|Any CPU
		{0F7E2800-A6FF-4483-9913-9193D809D95E}.Debug|Any CPU.ActiveCfg = Debug|Any CPU
		{0F7E2800-A6FF-4483-9913-9193D809D95E}.Debug|Any CPU.Build.0 = Debug|Any CPU
		{0F7E2800-A6FF-4483-9913-9193D809D95E}.Release|Any CPU.ActiveCfg = Release|Any CPU
		{0F7E2800-A6FF-4483-9913-9193D809D95E}.Release|Any CPU.Build.0 = Release|Any CPU
		{99998EB7-C01B-49C9-9D3B-448491F1E1AE}.Debug|Any CPU.ActiveCfg = Debug|Any CPU
		{99998EB7-C01B-49C9-9D3B-448491F1E1AE}.Debug|Any CPU.Build.0 = Debug|Any CPU
		{99998EB7-C01B-49C9-9D3B-448491F1E1AE}.Release|Any CPU.ActiveCfg = Release|Any CPU
		{99998EB7-C01B-49C9-9D3B-448491F1E1AE}.Release|Any CPU.Build.0 = Release|Any CPU
	EndGlobalSection
	GlobalSection(SolutionProperties) = preSolution
		HideSolutionNode = FALSE
	EndGlobalSection
	GlobalSection(NestedProjects) = preSolution
		{8BAED89F-5521-49CB-9C5A-890EC8D37CD6} = {64F722F4-0C84-4D3D-B140-E700A388F8A4}
		{C0966047-E673-475A-933D-D2F2A5FC531C} = {8A38871E-1212-4497-BA40-64F9ADFEE831}
		{0F7E2800-A6FF-4483-9913-9193D809D95E} = {8A38871E-1212-4497-BA40-64F9ADFEE831}
		{99998EB7-C01B-49C9-9D3B-448491F1E1AE} = {63BAAA37-C0CF-4EB0-B3D4-B605FCC6D7F1}
	EndGlobalSection
	GlobalSection(ExtensibilityGlobals) = postSolution
		SolutionGuid = {39307DD0-ABEB-47D0-B3DB-B5A24DC8526F}
	EndGlobalSection
EndGlobal
